{
  "originHash" : "55aa20ee5bf3c742c84111e85b71042766840045af20dda1ae49e890050a499d",
  "pins" : [
    {
      "identity" : "cx-ios-sdk",
      "kind" : "remoteSourceControl",
      "location" : "https://github.com/coralogix/cx-ios-sdk",
      "state" : {
        "revision" : "eef3553e2a2e905fd59971aa17c62d1667adb65a",
        "version" : "1.0.12"
      }
    }
  ],
  "version" : 3
}
