{
  "originHash" : "0295fd6ec50c797bbea5bff86909baa7b7b78a89f72b23542fa57b8baaf7952f",
  "pins" : [
    {
      "identity" : "cx-ios-sdk",
      "kind" : "remoteSourceControl",
      "location" : "https://github.com/coralogix/cx-ios-sdk",
      "state" : {
        "revision" : "eef3553e2a2e905fd59971aa17c62d1667adb65a",
        "version" : "1.0.12"
      }
    }
  ],
  "version" : 3
}
